// !$*UTF8*$!
{
	archiveVersion = 1;
	classes = {
	};
	objectVersion = 46;
	objects = {

/* Begin PBXBuildFile section */
		D00E8A8E177F60F4001BF2D4 /* Person.m in Sources */ = {isa = PBXBuildFile; fileRef = D00E8A8D177F60F4001BF2D4 /* Person.m */; };
		D022994B176B3428006E9A64 /* Foundation.framework in Frameworks */ = {isa = PBXBuildFile; fileRef = D022994A176B3428006E9A64 /* Foundation.framework */; };
		D022994E176B3428006E9A64 /* main.m in Sources */ = {isa = PBXBuildFile; fileRef = D022994D176B3428006E9A64 /* main.m */; };
		D0229952176B3428006E9A64 /* ITBook.1 in CopyFiles */ = {isa = PBXBuildFile; fileRef = D0229951176B3428006E9A64 /* ITBook.1 */; };
		D022995A176B3484006E9A64 /* ITBook.m in Sources */ = {isa = PBXBuildFile; fileRef = D0229959176B3484006E9A64 /* ITBook.m */; };
		D0D6D11C1784D6B7005EF2FF /* ITLibrary.m in Sources */ = {isa = PBXBuildFile; fileRef = D0D6D11B1784D6B7005EF2FF /* ITLibrary.m */; };
/* End PBXBuildFile section */

/* Begin PBXCopyFilesBuildPhase section */
		D0229945176B3428006E9A64 /* CopyFiles */ = {
			isa = PBXCopyFilesBuildPhase;
			buildActionMask = 2147483647;
			dstPath = /usr/share/man/man1/;
			dstSubfolderSpec = 0;
			files = (
				D0229952176B3428006E9A64 /* ITBook.1 in CopyFiles */,
			);
			runOnlyForDeploymentPostprocessing = 1;
		};
/* End PBXCopyFilesBuildPhase section */

/* Begin PBXFileReference section */
		D00E8A8C177F60F4001BF2D4 /* Person.h */ = {isa = PBXFileReference; fileEncoding = 4; lastKnownFileType = sourcecode.c.h; name = Person.h; path = Model/Person.h; sourceTree = "<group>"; };
		D00E8A8D177F60F4001BF2D4 /* Person.m */ = {isa = PBXFileReference; fileEncoding = 4; lastKnownFileType = sourcecode.c.objc; name = Person.m; path = Model/Person.m; sourceTree = "<group>"; };
		D0229947176B3428006E9A64 /* ITBook */ = {isa = PBXFileReference; explicitFileType = "compiled.mach-o.executable"; includeInIndex = 0; path = ITBook; sourceTree = BUILT_PRODUCTS_DIR; };
		D022994A176B3428006E9A64 /* Foundation.framework */ = {isa = PBXFileReference; lastKnownFileType = wrapper.framework; name = Foundation.framework; path = System/Library/Frameworks/Foundation.framework; sourceTree = SDKROOT; };
		D022994D176B3428006E9A64 /* main.m */ = {isa = PBXFileReference; lastKnownFileType = sourcecode.c.objc; path = main.m; sourceTree = "<group>"; };
		D0229950176B3428006E9A64 /* ITBook-Prefix.pch */ = {isa = PBXFileReference; lastKnownFileType = sourcecode.c.h; path = "ITBook-Prefix.pch"; sourceTree = "<group>"; };
		D0229951176B3428006E9A64 /* ITBook.1 */ = {isa = PBXFileReference; lastKnownFileType = text.man; path = ITBook.1; sourceTree = "<group>"; };
		D0229958176B3484006E9A64 /* ITBook.h */ = {isa = PBXFileReference; fileEncoding = 4; lastKnownFileType = sourcecode.c.h; name = ITBook.h; path = ITBook/Model/ITBook.h; sourceTree = SOURCE_ROOT; };
		D0229959176B3484006E9A64 /* ITBook.m */ = {isa = PBXFileReference; fileEncoding = 4; lastKnownFileType = sourcecode.c.objc; name = ITBook.m; path = ITBook/Model/ITBook.m; sourceTree = SOURCE_ROOT; };
		D0D6D11A1784D6B7005EF2FF /* ITLibrary.h */ = {isa = PBXFileReference; fileEncoding = 4; lastKnownFileType = sourcecode.c.h; name = ITLibrary.h; path = Model/ITLibrary.h; sourceTree = "<group>"; };
		D0D6D11B1784D6B7005EF2FF /* ITLibrary.m */ = {isa = PBXFileReference; fileEncoding = 4; lastKnownFileType = sourcecode.c.objc; name = ITLibrary.m; path = Model/ITLibrary.m; sourceTree = "<group>"; };
/* End PBXFileReference section */

/* Begin PBXFrameworksBuildPhase section */
		D0229944176B3428006E9A64 /* Frameworks */ = {
			isa = PBXFrameworksBuildPhase;
			buildActionMask = 2147483647;
			files = (
				D022994B176B3428006E9A64 /* Foundation.framework in Frameworks */,
			);
			runOnlyForDeploymentPostprocessing = 0;
		};
/* End PBXFrameworksBuildPhase section */

/* Begin PBXGroup section */
		D00E8A8B177F3487001BF2D4 /* Model */ = {
			isa = PBXGroup;
			children = (
				D0D6D11A1784D6B7005EF2FF /* ITLibrary.h */,
				D0D6D11B1784D6B7005EF2FF /* ITLibrary.m */,
				D0229958176B3484006E9A64 /* ITBook.h */,
				D0229959176B3484006E9A64 /* ITBook.m */,
				D00E8A8C177F60F4001BF2D4 /* Person.h */,
				D00E8A8D177F60F4001BF2D4 /* Person.m */,
			);
			name = Model;
			sourceTree = "<group>";
		};
		D022993E176B3428006E9A64 = {
			isa = PBXGroup;
			children = (
				D022994C176B3428006E9A64 /* ITBook */,
				D0229949176B3428006E9A64 /* Frameworks */,
				D0229948176B3428006E9A64 /* Products */,
			);
			sourceTree = "<group>";
		};
		D0229948176B3428006E9A64 /* Products */ = {
			isa = PBXGroup;
			children = (
				D0229947176B3428006E9A64 /* ITBook */,
			);
			name = Products;
			sourceTree = "<group>";
		};
		D0229949176B3428006E9A64 /* Frameworks */ = {
			isa = PBXGroup;
			children = (
				D022994A176B3428006E9A64 /* Foundation.framework */,
			);
			name = Frameworks;
			sourceTree = "<group>";
		};
		D022994C176B3428006E9A64 /* ITBook */ = {
			isa = PBXGroup;
			children = (
				D00E8A8B177F3487001BF2D4 /* Model */,
				D022994D176B3428006E9A64 /* main.m */,
				D0229951176B3428006E9A64 /* ITBook.1 */,
				D022994F176B3428006E9A64 /* Supporting Files */,
			);
			path = ITBook;
			sourceTree = "<group>";
		};
		D022994F176B3428006E9A64 /* Supporting Files */ = {
			isa = PBXGroup;
			children = (
				D0229950176B3428006E9A64 /* ITBook-Prefix.pch */,
			);
			name = "Supporting Files";
			sourceTree = "<group>";
		};
/* End PBXGroup section */

/* Begin PBXNativeTarget section */
		D0229946176B3428006E9A64 /* ITBook */ = {
			isa = PBXNativeTarget;
			buildConfigurationList = D0229955176B3428006E9A64 /* Build configuration list for PBXNativeTarget "ITBook" */;
			buildPhases = (
				D0229943176B3428006E9A64 /* Sources */,
				D0229944176B3428006E9A64 /* Frameworks */,
				D0229945176B3428006E9A64 /* CopyFiles */,
			);
			buildRules = (
			);
			dependencies = (
			);
			name = ITBook;
			productName = ITBook;
			productReference = D0229947176B3428006E9A64 /* ITBook */;
			productType = "com.apple.product-type.tool";
		};
/* End PBXNativeTarget section */

/* Begin PBXProject section */
		D022993F176B3428006E9A64 /* Project object */ = {
			isa = PBXProject;
			attributes = {
				LastUpgradeCheck = 0460;
				ORGANIZATIONNAME = "MacBook Air";
			};
			buildConfigurationList = D0229942176B3428006E9A64 /* Build configuration list for PBXProject "ITBook" */;
			compatibilityVersion = "Xcode 3.2";
			developmentRegion = English;
			hasScannedForEncodings = 0;
			knownRegions = (
				en,
			);
			mainGroup = D022993E176B3428006E9A64;
			productRefGroup = D0229948176B3428006E9A64 /* Products */;
			projectDirPath = "";
			projectRoot = "";
			targets = (
				D0229946176B3428006E9A64 /* ITBook */,
			);
		};
/* End PBXProject section */

/* Begin PBXSourcesBuildPhase section */
		D0229943176B3428006E9A64 /* Sources */ = {
			isa = PBXSourcesBuildPhase;
			buildActionMask = 2147483647;
			files = (
				D022994E176B3428006E9A64 /* main.m in Sources */,
				D022995A176B3484006E9A64 /* ITBook.m in Sources */,
				D00E8A8E177F60F4001BF2D4 /* Person.m in Sources */,
				D0D6D11C1784D6B7005EF2FF /* ITLibrary.m in Sources */,
			);
			runOnlyForDeploymentPostprocessing = 0;
		};
/* End PBXSourcesBuildPhase section */

/* Begin XCBuildConfiguration section */
		D0229953176B3428006E9A64 /* Debug */ = {
			isa = XCBuildConfiguration;
			buildSettings = {
				ALWAYS_SEARCH_USER_PATHS = NO;
				ARCHS = "$(ARCHS_STANDARD_64_BIT)";
				CLANG_CXX_LANGUAGE_STANDARD = "gnu++0x";
				CLANG_CXX_LIBRARY = "libc++";
				CLANG_WARN_CONSTANT_CONVERSION = YES;
				CLANG_WARN_EMPTY_BODY = YES;
				CLANG_WARN_ENUM_CONVERSION = YES;
				CLANG_WARN_INT_CONVERSION = YES;
				CLANG_WARN__DUPLICATE_METHOD_MATCH = YES;
				COPY_PHASE_STRIP = NO;
				GCC_C_LANGUAGE_STANDARD = gnu99;
				GCC_DYNAMIC_NO_PIC = NO;
				GCC_ENABLE_OBJC_EXCEPTIONS = YES;
				GCC_OPTIMIZATION_LEVEL = 0;
				GCC_PREPROCESSOR_DEFINITIONS = (
					"DEBUG=1",
					"$(inherited)",
				);
				GCC_SYMBOLS_PRIVATE_EXTERN = NO;
				GCC_WARN_64_TO_32_BIT_CONVERSION = YES;
				GCC_WARN_ABOUT_RETURN_TYPE = YES;
				GCC_WARN_UNINITIALIZED_AUTOS = YES;
				GCC_WARN_UNUSED_VARIABLE = YES;
				MACOSX_DEPLOYMENT_TARGET = 10.7;
				ONLY_ACTIVE_ARCH = YES;
				SDKROOT = macosx;
			};
			name = Debug;
		};
		D0229954176B3428006E9A64 /* Release */ = {
			isa = XCBuildConfiguration;
			buildSettings = {
				ALWAYS_SEARCH_USER_PATHS = NO;
				ARCHS = "$(ARCHS_STANDARD_64_BIT)";
				CLANG_CXX_LANGUAGE_STANDARD = "gnu++0x";
				CLANG_CXX_LIBRARY = "libc++";
				CLANG_WARN_CONSTANT_CONVERSION = YES;
				CLANG_WARN_EMPTY_BODY = YES;
				CLANG_WARN_ENUM_CONVERSION = YES;
				CLANG_WARN_INT_CONVERSION = YES;
				CLANG_WARN__DUPLICATE_METHOD_MATCH = YES;
				COPY_PHASE_STRIP = YES;
				DEBUG_INFORMATION_FORMAT = "dwarf-with-dsym";
				GCC_C_LANGUAGE_STANDARD = gnu99;
				GCC_ENABLE_OBJC_EXCEPTIONS = YES;
				GCC_WARN_64_TO_32_BIT_CONVERSION = YES;
				GCC_WARN_ABOUT_RETURN_TYPE = YES;
				GCC_WARN_UNINITIALIZED_AUTOS = YES;
				GCC_WARN_UNUSED_VARIABLE = YES;
				MACOSX_DEPLOYMENT_TARGET = 10.7;
				SDKROOT = macosx;
			};
			name = Release;
		};
		D0229956176B3428006E9A64 /* Debug */ = {
			isa = XCBuildConfiguration;
			buildSettings = {
				GCC_PRECOMPILE_PREFIX_HEADER = YES;
				GCC_PREFIX_HEADER = "ITBook/ITBook-Prefix.pch";
				PRODUCT_NAME = "$(TARGET_NAME)";
			};
			name = Debug;
		};
		D0229957176B3428006E9A64 /* Release */ = {
			isa = XCBuildConfiguration;
			buildSettings = {
				GCC_PRECOMPILE_PREFIX_HEADER = YES;
				GCC_PREFIX_HEADER = "ITBook/ITBook-Prefix.pch";
				PRODUCT_NAME = "$(TARGET_NAME)";
			};
			name = Release;
		};
/* End XCBuildConfiguration section */

/* Begin XCConfigurationList section */
		D0229942176B3428006E9A64 /* Build configuration list for PBXProject "ITBook" */ = {
			isa = XCConfigurationList;
			buildConfigurations = (
				D0229953176B3428006E9A64 /* Debug */,
				D0229954176B3428006E9A64 /* Release */,
			);
			defaultConfigurationIsVisible = 0;
			defaultConfigurationName = Release;
		};
		D0229955176B3428006E9A64 /* Build configuration list for PBXNativeTarget "ITBook" */ = {
			isa = XCConfigurationList;
			buildConfigurations = (
				D0229956176B3428006E9A64 /* Debug */,
				D0229957176B3428006E9A64 /* Release */,
			);
			defaultConfigurationIsVisible = 0;
			defaultConfigurationName = Release;
		};
/* End XCConfigurationList section */
	};
	rootObject = D022993F176B3428006E9A64 /* Project object */;
}
